PODS:
  - Capacitor (5.7.0):
    - CapacitorCordova
  - CapacitorCommunityFileOpener (1.0.5):
    - Capacitor
  - CapacitorCordova (5.7.0)
  - CapacitorFilesystem (5.2.1):
    - Capacitor

DEPENDENCIES:
  - "Capacitor (from `../../node_modules/@capacitor/ios`)"
  - "CapacitorCommunityFileOpener (from `../../node_modules/@capacitor-community/file-opener`)"
  - "CapacitorCordova (from `../../node_modules/@capacitor/ios`)"
  - "CapacitorFilesystem (from `../../node_modules/@capacitor/filesystem`)"

EXTERNAL SOURCES:
  Capacitor:
    :path: "../../node_modules/@capacitor/ios"
  CapacitorCommunityFileOpener:
    :path: "../../node_modules/@capacitor-community/file-opener"
  CapacitorCordova:
    :path: "../../node_modules/@capacitor/ios"
  CapacitorFilesystem:
    :path: "../../node_modules/@capacitor/filesystem"

SPEC CHECKSUMS:
  Capacitor: fc155ee2ee45a2093d716f13cf5aa5a865e2d85a
  CapacitorCommunityFileOpener: 8ae87db61961a6166cb929cc16e3cc719ea58da1
  CapacitorCordova: e825fce1a2e14e4b5730641c7e098dccf74397b7
  CapacitorFilesystem: 9f3e3c7fea2fff12f46dd5b07a2914f2103e4cfc

PODFILE CHECKSUM: 485f268691de965bb89ecf31101b8b15e97122a1

COCOAPODS: 1.14.3
